
Microsoft Visual Studio Solution File, Format Version 12.00
Project("{FAE04EC0-301F-11D3-BF4B-00C04F79EFBC}") = "MutlipleAuthSchemes.Api", "MutlipleAuthSchemes.Api\MutlipleAuthSchemes.Api.csproj", "{BBBFF5CE-38F2-41EA-8BA9-3440C7E8B0DD}"
EndProject
Global
	GlobalSection(SolutionConfigurationPlatforms) = preSolution
		Debug|Any CPU = Debug|Any CPU
		Release|Any CPU = Release|Any CPU
	EndGlobalSection
	GlobalSection(ProjectConfigurationPlatforms) = postSolution
		{BBBFF5CE-38F2-41EA-8BA9-3440C7E8B0DD}.Debug|Any CPU.ActiveCfg = Debug|Any CPU
		{BBBFF5CE-38F2-41EA-8BA9-3440C7E8B0DD}.Debug|Any CPU.Build.0 = Debug|Any CPU
		{BBBFF5CE-38F2-41EA-8BA9-3440C7E8B0DD}.Release|Any CPU.ActiveCfg = Release|Any CPU
		{BBBFF5CE-38F2-41EA-8BA9-3440C7E8B0DD}.Release|Any CPU.Build.0 = Release|Any CPU
	EndGlobalSection
EndGlobal
